
Microsoft Visual Studio Solution File, Format Version 12.00
# Visual Studio Version 17
VisualStudioVersion = 17.2.33027.314
MinimumVisualStudioVersion = 10.0.40219.1
Project("{2150E333-8FDC-42A3-9474-1A3956D46DE8}") = "FrontEnd", "FrontEnd", "{2AB6FB2D-4253-4CC6-9168-309F6EB15863}"
EndProject
Project("{9A19103F-16F7-4668-BE54-9A1E7A4F7556}") = "Mango.Web", "Mango.Web\Mango.Web.csproj", "{A10CDE0D-E40C-439E-9248-F664AF3E6D81}"
EndProject
Project("{2150E333-8FDC-42A3-9474-1A3956D46DE8}") = "Services", "Services", "{CE3183BB-090F-40B4-9403-19AE58D53181}"
EndProject
Project("{9A19103F-16F7-4668-BE54-9A1E7A4F7556}") = "Mango.Services.ProductAPI", "Mango.Services.ProductAPI\Mango.Services.ProductAPI.csproj", "{6A78FFF0-71C8-4CD7-8F26-284C6EFD8C28}"
EndProject
Project("{9A19103F-16F7-4668-BE54-9A1E7A4F7556}") = "Mango.Services.Identity", "Mango.Services.Identity\Mango.Services.Identity.csproj", "{B150B783-3549-4B25-8F96-0608AFAC82D7}"
EndProject
Project("{9A19103F-16F7-4668-BE54-9A1E7A4F7556}") = "Mango.Services.ShopingCardAPI", "Mango.Services.ShopingCardAPI\Mango.Services.ShopingCardAPI.csproj", "{F24A9A89-693C-49E9-81C1-84D90295A350}"
EndProject
Project("{9A19103F-16F7-4668-BE54-9A1E7A4F7556}") = "Mango.Services.CouponAPI", "Mango.Services.CouponAPI\Mango.Services.CouponAPI.csproj", "{5093D7B2-B60C-49DB-9AE4-8E11E594D19E}"
EndProject
Project("{2150E333-8FDC-42A3-9474-1A3956D46DE8}") = "Integration", "Integration", "{548543BD-7789-4DC0-ABBB-D996F78363DD}"
EndProject
Project("{9A19103F-16F7-4668-BE54-9A1E7A4F7556}") = "Mango.MessageBus", "Mango.MessageBus\Mango.MessageBus.csproj", "{13A0EC73-9743-4D50-A4A1-B7F339B248B5}"
EndProject
Project("{FAE04EC0-301F-11D3-BF4B-00C04F79EFBC}") = "Mango.Services.OrderAPI", "Mango.Services.OrderAPI\Mango.Services.OrderAPI.csproj", "{D82BF0F6-25C3-470F-8318-C8785E7D3033}"
EndProject
Global
	GlobalSection(SolutionConfigurationPlatforms) = preSolution
		Debug|Any CPU = Debug|Any CPU
		Release|Any CPU = Release|Any CPU
	EndGlobalSection
	GlobalSection(ProjectConfigurationPlatforms) = postSolution
		{A10CDE0D-E40C-439E-9248-F664AF3E6D81}.Debug|Any CPU.ActiveCfg = Debug|Any CPU
		{A10CDE0D-E40C-439E-9248-F664AF3E6D81}.Debug|Any CPU.Build.0 = Debug|Any CPU
		{A10CDE0D-E40C-439E-9248-F664AF3E6D81}.Release|Any CPU.ActiveCfg = Release|Any CPU
		{A10CDE0D-E40C-439E-9248-F664AF3E6D81}.Release|Any CPU.Build.0 = Release|Any CPU
		{6A78FFF0-71C8-4CD7-8F26-284C6EFD8C28}.Debug|Any CPU.ActiveCfg = Debug|Any CPU
		{6A78FFF0-71C8-4CD7-8F26-284C6EFD8C28}.Debug|Any CPU.Build.0 = Debug|Any CPU
		{6A78FFF0-71C8-4CD7-8F26-284C6EFD8C28}.Release|Any CPU.ActiveCfg = Release|Any CPU
		{6A78FFF0-71C8-4CD7-8F26-284C6EFD8C28}.Release|Any CPU.Build.0 = Release|Any CPU
		{B150B783-3549-4B25-8F96-0608AFAC82D7}.Debug|Any CPU.ActiveCfg = Debug|Any CPU
		{B150B783-3549-4B25-8F96-0608AFAC82D7}.Debug|Any CPU.Build.0 = Debug|Any CPU
		{B150B783-3549-4B25-8F96-0608AFAC82D7}.Release|Any CPU.ActiveCfg = Release|Any CPU
		{B150B783-3549-4B25-8F96-0608AFAC82D7}.Release|Any CPU.Build.0 = Release|Any CPU
		{F24A9A89-693C-49E9-81C1-84D90295A350}.Debug|Any CPU.ActiveCfg = Debug|Any CPU
		{F24A9A89-693C-49E9-81C1-84D90295A350}.Debug|Any CPU.Build.0 = Debug|Any CPU
		{F24A9A89-693C-49E9-81C1-84D90295A350}.Release|Any CPU.ActiveCfg = Release|Any CPU
		{F24A9A89-693C-49E9-81C1-84D90295A350}.Release|Any CPU.Build.0 = Release|Any CPU
		{5093D7B2-B60C-49DB-9AE4-8E11E594D19E}.Debug|Any CPU.ActiveCfg = Debug|Any CPU
		{5093D7B2-B60C-49DB-9AE4-8E11E594D19E}.Debug|Any CPU.Build.0 = Debug|Any CPU
		{5093D7B2-B60C-49DB-9AE4-8E11E594D19E}.Release|Any CPU.ActiveCfg = Release|Any CPU
		{5093D7B2-B60C-49DB-9AE4-8E11E594D19E}.Release|Any CPU.Build.0 = Release|Any CPU
		{13A0EC73-9743-4D50-A4A1-B7F339B248B5}.Debug|Any CPU.ActiveCfg = Debug|Any CPU
		{13A0EC73-9743-4D50-A4A1-B7F339B248B5}.Debug|Any CPU.Build.0 = Debug|Any CPU
		{13A0EC73-9743-4D50-A4A1-B7F339B248B5}.Release|Any CPU.ActiveCfg = Release|Any CPU
		{13A0EC73-9743-4D50-A4A1-B7F339B248B5}.Release|Any CPU.Build.0 = Release|Any CPU
		{D82BF0F6-25C3-470F-8318-C8785E7D3033}.Debug|Any CPU.ActiveCfg = Debug|Any CPU
		{D82BF0F6-25C3-470F-8318-C8785E7D3033}.Debug|Any CPU.Build.0 = Debug|Any CPU
		{D82BF0F6-25C3-470F-8318-C8785E7D3033}.Release|Any CPU.ActiveCfg = Release|Any CPU
		{D82BF0F6-25C3-470F-8318-C8785E7D3033}.Release|Any CPU.Build.0 = Release|Any CPU
	EndGlobalSection
	GlobalSection(SolutionProperties) = preSolution
		HideSolutionNode = FALSE
	EndGlobalSection
	GlobalSection(NestedProjects) = preSolution
		{A10CDE0D-E40C-439E-9248-F664AF3E6D81} = {2AB6FB2D-4253-4CC6-9168-309F6EB15863}
		{6A78FFF0-71C8-4CD7-8F26-284C6EFD8C28} = {CE3183BB-090F-40B4-9403-19AE58D53181}
		{B150B783-3549-4B25-8F96-0608AFAC82D7} = {CE3183BB-090F-40B4-9403-19AE58D53181}
		{F24A9A89-693C-49E9-81C1-84D90295A350} = {CE3183BB-090F-40B4-9403-19AE58D53181}
		{5093D7B2-B60C-49DB-9AE4-8E11E594D19E} = {CE3183BB-090F-40B4-9403-19AE58D53181}
		{13A0EC73-9743-4D50-A4A1-B7F339B248B5} = {548543BD-7789-4DC0-ABBB-D996F78363DD}
		{D82BF0F6-25C3-470F-8318-C8785E7D3033} = {CE3183BB-090F-40B4-9403-19AE58D53181}
	EndGlobalSection
	GlobalSection(ExtensibilityGlobals) = postSolution
		SolutionGuid = {A9261810-1B03-4BFC-A8A6-FA8804A8C0DC}
	EndGlobalSection
EndGlobal
